
Microsoft Visual Studio Solution File, Format Version 12.00
# Visual Studio Version 16
VisualStudioVersion = 16.0.31005.135
MinimumVisualStudioVersion = 10.0.40219.1
Project("{9A19103F-16F7-4668-BE54-9A1E7A4F7556}") = "Domain", "bahioganns_lab2\Domain.csproj", "{D41C53EC-F16E-49B1-9294-4F84257F93FD}"
EndProject
Project("{9A19103F-16F7-4668-BE54-9A1E7A4F7556}") = "DataAccess", "DataAccess\DataAccess.csproj", "{E385B08B-2F42-4B6F-A5A0-D9C44B7D1447}"
EndProject
Project("{9A19103F-16F7-4668-BE54-9A1E7A4F7556}") = "BusinessLogic", "BusinessLogic\BusinessLogic.csproj", "{81CEDFCC-9300-468C-A85B-F60B73DD9E21}"
EndProject
Project("{FAE04EC0-301F-11D3-BF4B-00C04F79EFBC}") = "BusinessLogicTest", "BusinessLogicTest\BusinessLogicTest.csproj", "{78EADA5B-ECCB-41D8-82F5-18524FC3D02D}"
EndProject
Global
	GlobalSection(SolutionConfigurationPlatforms) = preSolution
		Debug|Any CPU = Debug|Any CPU
		Release|Any CPU = Release|Any CPU
	EndGlobalSection
	GlobalSection(ProjectConfigurationPlatforms) = postSolution
		{D41C53EC-F16E-49B1-9294-4F84257F93FD}.Debug|Any CPU.ActiveCfg = Debug|Any CPU
		{D41C53EC-F16E-49B1-9294-4F84257F93FD}.Debug|Any CPU.Build.0 = Debug|Any CPU
		{D41C53EC-F16E-49B1-9294-4F84257F93FD}.Release|Any CPU.ActiveCfg = Release|Any CPU
		{D41C53EC-F16E-49B1-9294-4F84257F93FD}.Release|Any CPU.Build.0 = Release|Any CPU
		{E385B08B-2F42-4B6F-A5A0-D9C44B7D1447}.Debug|Any CPU.ActiveCfg = Debug|Any CPU
		{E385B08B-2F42-4B6F-A5A0-D9C44B7D1447}.Debug|Any CPU.Build.0 = Debug|Any CPU
		{E385B08B-2F42-4B6F-A5A0-D9C44B7D1447}.Release|Any CPU.ActiveCfg = Release|Any CPU
		{E385B08B-2F42-4B6F-A5A0-D9C44B7D1447}.Release|Any CPU.Build.0 = Release|Any CPU
		{81CEDFCC-9300-468C-A85B-F60B73DD9E21}.Debug|Any CPU.ActiveCfg = Debug|Any CPU
		{81CEDFCC-9300-468C-A85B-F60B73DD9E21}.Debug|Any CPU.Build.0 = Debug|Any CPU
		{81CEDFCC-9300-468C-A85B-F60B73DD9E21}.Release|Any CPU.ActiveCfg = Release|Any CPU
		{81CEDFCC-9300-468C-A85B-F60B73DD9E21}.Release|Any CPU.Build.0 = Release|Any CPU
		{78EADA5B-ECCB-41D8-82F5-18524FC3D02D}.Debug|Any CPU.ActiveCfg = Debug|Any CPU
		{78EADA5B-ECCB-41D8-82F5-18524FC3D02D}.Debug|Any CPU.Build.0 = Debug|Any CPU
		{78EADA5B-ECCB-41D8-82F5-18524FC3D02D}.Release|Any CPU.ActiveCfg = Release|Any CPU
		{78EADA5B-ECCB-41D8-82F5-18524FC3D02D}.Release|Any CPU.Build.0 = Release|Any CPU
	EndGlobalSection
	GlobalSection(SolutionProperties) = preSolution
		HideSolutionNode = FALSE
	EndGlobalSection
	GlobalSection(ExtensibilityGlobals) = postSolution
		SolutionGuid = {67292473-8AD6-4368-AA09-676D503BC6F5}
	EndGlobalSection
EndGlobal
